
Microsoft Visual Studio Solution File, Format Version 12.00
# Visual Studio 15
VisualStudioVersion = 15.0.28307.168
MinimumVisualStudioVersion = 10.0.40219.1
Project("{FAE04EC0-301F-11D3-BF4B-00C04F79EFBC}") = "DKBS_BL", "DKBS_BL\DKBS_BL.csproj", "{D17FB493-FF6C-4EA6-AC0B-7D299096A74D}"
EndProject
Project("{FAE04EC0-301F-11D3-BF4B-00C04F79EFBC}") = "DKBS.BL.Entities", "DKBS.BL.Entities\DKBS.BL.Entities.csproj", "{A7CD1A3A-33A9-4B65-AA2D-A64F2DDC478D}"
EndProject
Global
	GlobalSection(SolutionConfigurationPlatforms) = preSolution
		Debug|Any CPU = Debug|Any CPU
		Release|Any CPU = Release|Any CPU
	EndGlobalSection
	GlobalSection(ProjectConfigurationPlatforms) = postSolution
		{D17FB493-FF6C-4EA6-AC0B-7D299096A74D}.Debug|Any CPU.ActiveCfg = Debug|Any CPU
		{D17FB493-FF6C-4EA6-AC0B-7D299096A74D}.Debug|Any CPU.Build.0 = Debug|Any CPU
		{D17FB493-FF6C-4EA6-AC0B-7D299096A74D}.Release|Any CPU.ActiveCfg = Release|Any CPU
		{D17FB493-FF6C-4EA6-AC0B-7D299096A74D}.Release|Any CPU.Build.0 = Release|Any CPU
		{A7CD1A3A-33A9-4B65-AA2D-A64F2DDC478D}.Debug|Any CPU.ActiveCfg = Debug|Any CPU
		{A7CD1A3A-33A9-4B65-AA2D-A64F2DDC478D}.Debug|Any CPU.Build.0 = Debug|Any CPU
		{A7CD1A3A-33A9-4B65-AA2D-A64F2DDC478D}.Release|Any CPU.ActiveCfg = Release|Any CPU
		{A7CD1A3A-33A9-4B65-AA2D-A64F2DDC478D}.Release|Any CPU.Build.0 = Release|Any CPU
	EndGlobalSection
	GlobalSection(SolutionProperties) = preSolution
		HideSolutionNode = FALSE
	EndGlobalSection
	GlobalSection(ExtensibilityGlobals) = postSolution
		SolutionGuid = {6476C4B8-3EB1-49A9-AD75-0BDC916C7D53}
	EndGlobalSection
EndGlobal
